// !$*UTF8*$!
{
	archiveVersion = 1;
	classes = {
	};
	objectVersion = 48;
	objects = {

/* Begin PBXBuildFile section */
		6D92849B2083DB84000B5C7B /* CreateReservationViewController.swift in Sources */ = {isa = PBXBuildFile; fileRef = 6D92849A2083DB84000B5C7B /* CreateReservationViewController.swift */; };
		6DB8CB4B1FA52A3F0038365A /* RestaurantsTableViewController.swift in Sources */ = {isa = PBXBuildFile; fileRef = 6DB8CB4A1FA52A3F0038365A /* RestaurantsTableViewController.swift */; };
		6DB8CB4E1FA533450038365A /* Restaurant.swift in Sources */ = {isa = PBXBuildFile; fileRef = 6DB8CB4D1FA533450038365A /* Restaurant.swift */; };
		6DB8CB501FA812800038365A /* RestaurantDetailViewController.swift in Sources */ = {isa = PBXBuildFile; fileRef = 6DB8CB4F1FA812800038365A /* RestaurantDetailViewController.swift */; };
		6DEA782F1F895CAA00345B38 /* AppDelegate.swift in Sources */ = {isa = PBXBuildFile; fileRef = 6DEA782E1F895CAA00345B38 /* AppDelegate.swift */; };
		6DEA78341F895CAA00345B38 /* Main.storyboard in Resources */ = {isa = PBXBuildFile; fileRef = 6DEA78321F895CAA00345B38 /* Main.storyboard */; };
		6DEA78361F895CAA00345B38 /* Assets.xcassets in Resources */ = {isa = PBXBuildFile; fileRef = 6DEA78351F895CAA00345B38 /* Assets.xcassets */; };
		6DEA78391F895CAA00345B38 /* LaunchScreen.storyboard in Resources */ = {isa = PBXBuildFile; fileRef = 6DEA78371F895CAA00345B38 /* LaunchScreen.storyboard */; };
		6DEA78441F895CAA00345B38 /* SwiftFestTests.swift in Sources */ = {isa = PBXBuildFile; fileRef = 6DEA78431F895CAA00345B38 /* SwiftFestTests.swift */; };
		6DEA784F1F895CAA00345B38 /* SwiftFestUITests.swift in Sources */ = {isa = PBXBuildFile; fileRef = 6DEA784E1F895CAA00345B38 /* SwiftFestUITests.swift */; };
/* End PBXBuildFile section */

/* Begin PBXContainerItemProxy section */
		6DEA78401F895CAA00345B38 /* PBXContainerItemProxy */ = {
			isa = PBXContainerItemProxy;
			containerPortal = 6DEA78231F895CAA00345B38 /* Project object */;
			proxyType = 1;
			remoteGlobalIDString = 6DEA782A1F895CAA00345B38;
			remoteInfo = SwiftFest;
		};
		6DEA784B1F895CAA00345B38 /* PBXContainerItemProxy */ = {
			isa = PBXContainerItemProxy;
			containerPortal = 6DEA78231F895CAA00345B38 /* Project object */;
			proxyType = 1;
			remoteGlobalIDString = 6DEA782A1F895CAA00345B38;
			remoteInfo = SwiftFest;
		};
/* End PBXContainerItemProxy section */

/* Begin PBXFileReference section */
		6D92849A2083DB84000B5C7B /* CreateReservationViewController.swift */ = {isa = PBXFileReference; lastKnownFileType = sourcecode.swift; path = CreateReservationViewController.swift; sourceTree = "<group>"; };
		6DB8CB4A1FA52A3F0038365A /* RestaurantsTableViewController.swift */ = {isa = PBXFileReference; lastKnownFileType = sourcecode.swift; path = RestaurantsTableViewController.swift; sourceTree = "<group>"; };
		6DB8CB4D1FA533450038365A /* Restaurant.swift */ = {isa = PBXFileReference; lastKnownFileType = sourcecode.swift; path = Restaurant.swift; sourceTree = "<group>"; };
		6DB8CB4F1FA812800038365A /* RestaurantDetailViewController.swift */ = {isa = PBXFileReference; lastKnownFileType = sourcecode.swift; path = RestaurantDetailViewController.swift; sourceTree = "<group>"; };
		6DEA782B1F895CAA00345B38 /* SwiftFest.app */ = {isa = PBXFileReference; explicitFileType = wrapper.application; includeInIndex = 0; path = SwiftFest.app; sourceTree = BUILT_PRODUCTS_DIR; };
		6DEA782E1F895CAA00345B38 /* AppDelegate.swift */ = {isa = PBXFileReference; lastKnownFileType = sourcecode.swift; path = AppDelegate.swift; sourceTree = "<group>"; };
		6DEA78331F895CAA00345B38 /* Base */ = {isa = PBXFileReference; lastKnownFileType = file.storyboard; name = Base; path = Base.lproj/Main.storyboard; sourceTree = "<group>"; };
		6DEA78351F895CAA00345B38 /* Assets.xcassets */ = {isa = PBXFileReference; lastKnownFileType = folder.assetcatalog; path = Assets.xcassets; sourceTree = "<group>"; };
		6DEA78381F895CAA00345B38 /* Base */ = {isa = PBXFileReference; lastKnownFileType = file.storyboard; name = Base; path = Base.lproj/LaunchScreen.storyboard; sourceTree = "<group>"; };
		6DEA783A1F895CAA00345B38 /* Info.plist */ = {isa = PBXFileReference; lastKnownFileType = text.plist.xml; path = Info.plist; sourceTree = "<group>"; };
		6DEA783F1F895CAA00345B38 /* SwiftFestTests.xctest */ = {isa = PBXFileReference; explicitFileType = wrapper.cfbundle; includeInIndex = 0; path = SwiftFestTests.xctest; sourceTree = BUILT_PRODUCTS_DIR; };
		6DEA78431F895CAA00345B38 /* SwiftFestTests.swift */ = {isa = PBXFileReference; lastKnownFileType = sourcecode.swift; path = SwiftFestTests.swift; sourceTree = "<group>"; };
		6DEA78451F895CAA00345B38 /* Info.plist */ = {isa = PBXFileReference; lastKnownFileType = text.plist.xml; path = Info.plist; sourceTree = "<group>"; };
		6DEA784A1F895CAA00345B38 /* SwiftFestUITests.xctest */ = {isa = PBXFileReference; explicitFileType = wrapper.cfbundle; includeInIndex = 0; path = SwiftFestUITests.xctest; sourceTree = BUILT_PRODUCTS_DIR; };
		6DEA784E1F895CAA00345B38 /* SwiftFestUITests.swift */ = {isa = PBXFileReference; lastKnownFileType = sourcecode.swift; path = SwiftFestUITests.swift; sourceTree = "<group>"; };
		6DEA78501F895CAA00345B38 /* Info.plist */ = {isa = PBXFileReference; lastKnownFileType = text.plist.xml; path = Info.plist; sourceTree = "<group>"; };
/* End PBXFileReference section */

/* Begin PBXFrameworksBuildPhase section */
		6DEA78281F895CAA00345B38 /* Frameworks */ = {
			isa = PBXFrameworksBuildPhase;
			buildActionMask = 2147483647;
			files = (
			);
			runOnlyForDeploymentPostprocessing = 0;
		};
		6DEA783C1F895CAA00345B38 /* Frameworks */ = {
			isa = PBXFrameworksBuildPhase;
			buildActionMask = 2147483647;
			files = (
			);
			runOnlyForDeploymentPostprocessing = 0;
		};
		6DEA78471F895CAA00345B38 /* Frameworks */ = {
			isa = PBXFrameworksBuildPhase;
			buildActionMask = 2147483647;
			files = (
			);
			runOnlyForDeploymentPostprocessing = 0;
		};
/* End PBXFrameworksBuildPhase section */

/* Begin PBXGroup section */
		6DB8CB4C1FA532BC0038365A /* Models */ = {
			isa = PBXGroup;
			children = (
				6DB8CB4D1FA533450038365A /* Restaurant.swift */,
			);
			path = Models;
			sourceTree = "<group>";
		};
		6DEA78221F895CAA00345B38 = {
			isa = PBXGroup;
			children = (
				6DEA782D1F895CAA00345B38 /* SwiftFest */,
				6DEA78421F895CAA00345B38 /* SwiftFestTests */,
				6DEA784D1F895CAA00345B38 /* SwiftFestUITests */,
				6DEA782C1F895CAA00345B38 /* Products */,
			);
			sourceTree = "<group>";
		};
		6DEA782C1F895CAA00345B38 /* Products */ = {
			isa = PBXGroup;
			children = (
				6DEA782B1F895CAA00345B38 /* SwiftFest.app */,
				6DEA783F1F895CAA00345B38 /* SwiftFestTests.xctest */,
				6DEA784A1F895CAA00345B38 /* SwiftFestUITests.xctest */,
			);
			name = Products;
			sourceTree = "<group>";
		};
		6DEA782D1F895CAA00345B38 /* SwiftFest */ = {
			isa = PBXGroup;
			children = (
				6D92849A2083DB84000B5C7B /* CreateReservationViewController.swift */,
				6DB8CB4F1FA812800038365A /* RestaurantDetailViewController.swift */,
				6DB8CB4A1FA52A3F0038365A /* RestaurantsTableViewController.swift */,
				6DB8CB4C1FA532BC0038365A /* Models */,
				6DEA782E1F895CAA00345B38 /* AppDelegate.swift */,
				6DEA78321F895CAA00345B38 /* Main.storyboard */,
				6DEA78351F895CAA00345B38 /* Assets.xcassets */,
				6DEA78371F895CAA00345B38 /* LaunchScreen.storyboard */,
				6DEA783A1F895CAA00345B38 /* Info.plist */,
			);
			path = SwiftFest;
			sourceTree = "<group>";
		};
		6DEA78421F895CAA00345B38 /* SwiftFestTests */ = {
			isa = PBXGroup;
			children = (
				6DEA78431F895CAA00345B38 /* SwiftFestTests.swift */,
				6DEA78451F895CAA00345B38 /* Info.plist */,
			);
			path = SwiftFestTests;
			sourceTree = "<group>";
		};
		6DEA784D1F895CAA00345B38 /* SwiftFestUITests */ = {
			isa = PBXGroup;
			children = (
				6DEA784E1F895CAA00345B38 /* SwiftFestUITests.swift */,
				6DEA78501F895CAA00345B38 /* Info.plist */,
			);
			path = SwiftFestUITests;
			sourceTree = "<group>";
		};
/* End PBXGroup section */

/* Begin PBXNativeTarget section */
		6DEA782A1F895CAA00345B38 /* SwiftFest */ = {
			isa = PBXNativeTarget;
			buildConfigurationList = 6DEA78531F895CAA00345B38 /* Build configuration list for PBXNativeTarget "SwiftFest" */;
			buildPhases = (
				6DEA78271F895CAA00345B38 /* Sources */,
				6DEA78281F895CAA00345B38 /* Frameworks */,
				6DEA78291F895CAA00345B38 /* Resources */,
			);
			buildRules = (
			);
			dependencies = (
			);
			name = SwiftFest;
			productName = SwiftFest;
			productReference = 6DEA782B1F895CAA00345B38 /* SwiftFest.app */;
			productType = "com.apple.product-type.application";
		};
		6DEA783E1F895CAA00345B38 /* SwiftFestTests */ = {
			isa = PBXNativeTarget;
			buildConfigurationList = 6DEA78561F895CAA00345B38 /* Build configuration list for PBXNativeTarget "SwiftFestTests" */;
			buildPhases = (
				6DEA783B1F895CAA00345B38 /* Sources */,
				6DEA783C1F895CAA00345B38 /* Frameworks */,
				6DEA783D1F895CAA00345B38 /* Resources */,
			);
			buildRules = (
			);
			dependencies = (
				6DEA78411F895CAA00345B38 /* PBXTargetDependency */,
			);
			name = SwiftFestTests;
			productName = SwiftFestTests;
			productReference = 6DEA783F1F895CAA00345B38 /* SwiftFestTests.xctest */;
			productType = "com.apple.product-type.bundle.unit-test";
		};
		6DEA78491F895CAA00345B38 /* SwiftFestUITests */ = {
			isa = PBXNativeTarget;
			buildConfigurationList = 6DEA78591F895CAA00345B38 /* Build configuration list for PBXNativeTarget "SwiftFestUITests" */;
			buildPhases = (
				6DEA78461F895CAA00345B38 /* Sources */,
				6DEA78471F895CAA00345B38 /* Frameworks */,
				6DEA78481F895CAA00345B38 /* Resources */,
			);
			buildRules = (
			);
			dependencies = (
				6DEA784C1F895CAA00345B38 /* PBXTargetDependency */,
			);
			name = SwiftFestUITests;
			productName = SwiftFestUITests;
			productReference = 6DEA784A1F895CAA00345B38 /* SwiftFestUITests.xctest */;
			productType = "com.apple.product-type.bundle.ui-testing";
		};
/* End PBXNativeTarget section */

/* Begin PBXProject section */
		6DEA78231F895CAA00345B38 /* Project object */ = {
			isa = PBXProject;
			attributes = {
				LastSwiftUpdateCheck = 0900;
				LastUpgradeCheck = 0900;
				ORGANIZATIONNAME = "Matt Dias";
				TargetAttributes = {
					6DEA782A1F895CAA00345B38 = {
						CreatedOnToolsVersion = 9.0;
						ProvisioningStyle = Automatic;
					};
					6DEA783E1F895CAA00345B38 = {
						CreatedOnToolsVersion = 9.0;
						ProvisioningStyle = Automatic;
						TestTargetID = 6DEA782A1F895CAA00345B38;
					};
					6DEA78491F895CAA00345B38 = {
						CreatedOnToolsVersion = 9.0;
						ProvisioningStyle = Automatic;
						TestTargetID = 6DEA782A1F895CAA00345B38;
					};
				};
			};
			buildConfigurationList = 6DEA78261F895CAA00345B38 /* Build configuration list for PBXProject "SwiftFest" */;
			compatibilityVersion = "Xcode 8.0";
			developmentRegion = en;
			hasScannedForEncodings = 0;
			knownRegions = (
				en,
				Base,
			);
			mainGroup = 6DEA78221F895CAA00345B38;
			productRefGroup = 6DEA782C1F895CAA00345B38 /* Products */;
			projectDirPath = "";
			projectRoot = "";
			targets = (
				6DEA782A1F895CAA00345B38 /* SwiftFest */,
				6DEA783E1F895CAA00345B38 /* SwiftFestTests */,
				6DEA78491F895CAA00345B38 /* SwiftFestUITests */,
			);
		};
/* End PBXProject section */

/* Begin PBXResourcesBuildPhase section */
		6DEA78291F895CAA00345B38 /* Resources */ = {
			isa = PBXResourcesBuildPhase;
			buildActionMask = 2147483647;
			files = (
				6DEA78391F895CAA00345B38 /* LaunchScreen.storyboard in Resources */,
				6DEA78361F895CAA00345B38 /* Assets.xcassets in Resources */,
				6DEA78341F895CAA00345B38 /* Main.storyboard in Resources */,
			);
			runOnlyForDeploymentPostprocessing = 0;
		};
		6DEA783D1F895CAA00345B38 /* Resources */ = {
			isa = PBXResourcesBuildPhase;
			buildActionMask = 2147483647;
			files = (
			);
			runOnlyForDeploymentPostprocessing = 0;
		};
		6DEA78481F895CAA00345B38 /* Resources */ = {
			isa = PBXResourcesBuildPhase;
			buildActionMask = 2147483647;
			files = (
			);
			runOnlyForDeploymentPostprocessing = 0;
		};
/* End PBXResourcesBuildPhase section */

/* Begin PBXSourcesBuildPhase section */
		6DEA78271F895CAA00345B38 /* Sources */ = {
			isa = PBXSourcesBuildPhase;
			buildActionMask = 2147483647;
			files = (
				6DB8CB4B1FA52A3F0038365A /* RestaurantsTableViewController.swift in Sources */,
				6DEA782F1F895CAA00345B38 /* AppDelegate.swift in Sources */,
				6DB8CB501FA812800038365A /* RestaurantDetailViewController.swift in Sources */,
				6D92849B2083DB84000B5C7B /* CreateReservationViewController.swift in Sources */,
				6DB8CB4E1FA533450038365A /* Restaurant.swift in Sources */,
			);
			runOnlyForDeploymentPostprocessing = 0;
		};
		6DEA783B1F895CAA00345B38 /* Sources */ = {
			isa = PBXSourcesBuildPhase;
			buildActionMask = 2147483647;
			files = (
				6DEA78441F895CAA00345B38 /* SwiftFestTests.swift in Sources */,
			);
			runOnlyForDeploymentPostprocessing = 0;
		};
		6DEA78461F895CAA00345B38 /* Sources */ = {
			isa = PBXSourcesBuildPhase;
			buildActionMask = 2147483647;
			files = (
				6DEA784F1F895CAA00345B38 /* SwiftFestUITests.swift in Sources */,
			);
			runOnlyForDeploymentPostprocessing = 0;
		};
/* End PBXSourcesBuildPhase section */

/* Begin PBXTargetDependency section */
		6DEA78411F895CAA00345B38 /* PBXTargetDependency */ = {
			isa = PBXTargetDependency;
			target = 6DEA782A1F895CAA00345B38 /* SwiftFest */;
			targetProxy = 6DEA78401F895CAA00345B38 /* PBXContainerItemProxy */;
		};
		6DEA784C1F895CAA00345B38 /* PBXTargetDependency */ = {
			isa = PBXTargetDependency;
			target = 6DEA782A1F895CAA00345B38 /* SwiftFest */;
			targetProxy = 6DEA784B1F895CAA00345B38 /* PBXContainerItemProxy */;
		};
/* End PBXTargetDependency section */

/* Begin PBXVariantGroup section */
		6DEA78321F895CAA00345B38 /* Main.storyboard */ = {
			isa = PBXVariantGroup;
			children = (
				6DEA78331F895CAA00345B38 /* Base */,
			);
			name = Main.storyboard;
			sourceTree = "<group>";
		};
		6DEA78371F895CAA00345B38 /* LaunchScreen.storyboard */ = {
			isa = PBXVariantGroup;
			children = (
				6DEA78381F895CAA00345B38 /* Base */,
			);
			name = LaunchScreen.storyboard;
			sourceTree = "<group>";
		};
/* End PBXVariantGroup section */

/* Begin XCBuildConfiguration section */
		6DEA78511F895CAA00345B38 /* Debug */ = {
			isa = XCBuildConfiguration;
			buildSettings = {
				ALWAYS_SEARCH_USER_PATHS = NO;
				CLANG_ANALYZER_NONNULL = YES;
				CLANG_ANALYZER_NUMBER_OBJECT_CONVERSION = YES_AGGRESSIVE;
				CLANG_CXX_LANGUAGE_STANDARD = "gnu++14";
				CLANG_CXX_LIBRARY = "libc++";
				CLANG_ENABLE_MODULES = YES;
				CLANG_ENABLE_OBJC_ARC = YES;
				CLANG_WARN_BLOCK_CAPTURE_AUTORELEASING = YES;
				CLANG_WARN_BOOL_CONVERSION = YES;
				CLANG_WARN_COMMA = YES;
				CLANG_WARN_CONSTANT_CONVERSION = YES;
				CLANG_WARN_DIRECT_OBJC_ISA_USAGE = YES_ERROR;
				CLANG_WARN_DOCUMENTATION_COMMENTS = YES;
				CLANG_WARN_EMPTY_BODY = YES;
				CLANG_WARN_ENUM_CONVERSION = YES;
				CLANG_WARN_INFINITE_RECURSION = YES;
				CLANG_WARN_INT_CONVERSION = YES;
				CLANG_WARN_NON_LITERAL_NULL_CONVERSION = YES;
				CLANG_WARN_OBJC_LITERAL_CONVERSION = YES;
				CLANG_WARN_OBJC_ROOT_CLASS = YES_ERROR;
				CLANG_WARN_RANGE_LOOP_ANALYSIS = YES;
				CLANG_WARN_STRICT_PROTOTYPES = YES;
				CLANG_WARN_SUSPICIOUS_MOVE = YES;
				CLANG_WARN_UNGUARDED_AVAILABILITY = YES_AGGRESSIVE;
				CLANG_WARN_UNREACHABLE_CODE = YES;
				CLANG_WARN__DUPLICATE_METHOD_MATCH = YES;
				CODE_SIGN_IDENTITY = "iPhone Developer";
				COPY_PHASE_STRIP = NO;
				DEBUG_INFORMATION_FORMAT = dwarf;
				ENABLE_STRICT_OBJC_MSGSEND = YES;
				ENABLE_TESTABILITY = YES;
				GCC_C_LANGUAGE_STANDARD = gnu11;
				GCC_DYNAMIC_NO_PIC = NO;
				GCC_NO_COMMON_BLOCKS = YES;
				GCC_OPTIMIZATION_LEVEL = 0;
				GCC_PREPROCESSOR_DEFINITIONS = (
					"DEBUG=1",
					"$(inherited)",
				);
				GCC_WARN_64_TO_32_BIT_CONVERSION = YES;
				GCC_WARN_ABOUT_RETURN_TYPE = YES_ERROR;
				GCC_WARN_UNDECLARED_SELECTOR = YES;
				GCC_WARN_UNINITIALIZED_AUTOS = YES_AGGRESSIVE;
				GCC_WARN_UNUSED_FUNCTION = YES;
				GCC_WARN_UNUSED_VARIABLE = YES;
				IPHONEOS_DEPLOYMENT_TARGET = 11.0;
				MTL_ENABLE_DEBUG_INFO = YES;
				ONLY_ACTIVE_ARCH = YES;
				SDKROOT = iphoneos;
				SWIFT_ACTIVE_COMPILATION_CONDITIONS = DEBUG;
				SWIFT_OPTIMIZATION_LEVEL = "-Onone";
			};
			name = Debug;
		};
		6DEA78521F895CAA00345B38 /* Release */ = {
			isa = XCBuildConfiguration;
			buildSettings = {
				ALWAYS_SEARCH_USER_PATHS = NO;
				CLANG_ANALYZER_NONNULL = YES;
				CLANG_ANALYZER_NUMBER_OBJECT_CONVERSION = YES_AGGRESSIVE;
				CLANG_CXX_LANGUAGE_STANDARD = "gnu++14";
				CLANG_CXX_LIBRARY = "libc++";
				CLANG_ENABLE_MODULES = YES;
				CLANG_ENABLE_OBJC_ARC = YES;
				CLANG_WARN_BLOCK_CAPTURE_AUTORELEASING = YES;
				CLANG_WARN_BOOL_CONVERSION = YES;
				CLANG_WARN_COMMA = YES;
				CLANG_WARN_CONSTANT_CONVERSION = YES;
				CLANG_WARN_DIRECT_OBJC_ISA_USAGE = YES_ERROR;
				CLANG_WARN_DOCUMENTATION_COMMENTS = YES;
				CLANG_WARN_EMPTY_BODY = YES;
				CLANG_WARN_ENUM_CONVERSION = YES;
				CLANG_WARN_INFINITE_RECURSION = YES;
				CLANG_WARN_INT_CONVERSION = YES;
				CLANG_WARN_NON_LITERAL_NULL_CONVERSION = YES;
				CLANG_WARN_OBJC_LITERAL_CONVERSION = YES;
				CLANG_WARN_OBJC_ROOT_CLASS = YES_ERROR;
				CLANG_WARN_RANGE_LOOP_ANALYSIS = YES;
				CLANG_WARN_STRICT_PROTOTYPES = YES;
				CLANG_WARN_SUSPICIOUS_MOVE = YES;
				CLANG_WARN_UNGUARDED_AVAILABILITY = YES_AGGRESSIVE;
				CLANG_WARN_UNREACHABLE_CODE = YES;
				CLANG_WARN__DUPLICATE_METHOD_MATCH = YES;
				CODE_SIGN_IDENTITY = "iPhone Developer";
				COPY_PHASE_STRIP = NO;
				DEBUG_INFORMATION_FORMAT = "dwarf-with-dsym";
				ENABLE_NS_ASSERTIONS = NO;
				ENABLE_STRICT_OBJC_MSGSEND = YES;
				GCC_C_LANGUAGE_STANDARD = gnu11;
				GCC_NO_COMMON_BLOCKS = YES;
				GCC_WARN_64_TO_32_BIT_CONVERSION = YES;
				GCC_WARN_ABOUT_RETURN_TYPE = YES_ERROR;
				GCC_WARN_UNDECLARED_SELECTOR = YES;
				GCC_WARN_UNINITIALIZED_AUTOS = YES_AGGRESSIVE;
				GCC_WARN_UNUSED_FUNCTION = YES;
				GCC_WARN_UNUSED_VARIABLE = YES;
				IPHONEOS_DEPLOYMENT_TARGET = 11.0;
				MTL_ENABLE_DEBUG_INFO = NO;
				SDKROOT = iphoneos;
				SWIFT_OPTIMIZATION_LEVEL = "-Owholemodule";
				VALIDATE_PRODUCT = YES;
			};
			name = Release;
		};
		6DEA78541F895CAA00345B38 /* Debug */ = {
			isa = XCBuildConfiguration;
			buildSettings = {
				ASSETCATALOG_COMPILER_APPICON_NAME = AppIcon;
				CODE_SIGN_STYLE = Automatic;
				DEVELOPMENT_TEAM = 3Z4ZDG98FM;
				INFOPLIST_FILE = SwiftFest/Info.plist;
				LD_RUNPATH_SEARCH_PATHS = "$(inherited) @executable_path/Frameworks";
				PRODUCT_BUNDLE_IDENTIFIER = com.mattdias.SwiftFest;
				PRODUCT_NAME = "$(TARGET_NAME)";
				SWIFT_VERSION = 4.0;
				TARGETED_DEVICE_FAMILY = "1,2";
			};
			name = Debug;
		};
		6DEA78551F895CAA00345B38 /* Release */ = {
			isa = XCBuildConfiguration;
			buildSettings = {
				ASSETCATALOG_COMPILER_APPICON_NAME = AppIcon;
				CODE_SIGN_STYLE = Automatic;
				DEVELOPMENT_TEAM = 3Z4ZDG98FM;
				INFOPLIST_FILE = SwiftFest/Info.plist;
				LD_RUNPATH_SEARCH_PATHS = "$(inherited) @executable_path/Frameworks";
				PRODUCT_BUNDLE_IDENTIFIER = com.mattdias.SwiftFest;
				PRODUCT_NAME = "$(TARGET_NAME)";
				SWIFT_VERSION = 4.0;
				TARGETED_DEVICE_FAMILY = "1,2";
			};
			name = Release;
		};
		6DEA78571F895CAA00345B38 /* Debug */ = {
			isa = XCBuildConfiguration;
			buildSettings = {
				ALWAYS_EMBED_SWIFT_STANDARD_LIBRARIES = YES;
				BUNDLE_LOADER = "$(TEST_HOST)";
				CODE_SIGN_STYLE = Automatic;
				DEVELOPMENT_TEAM = 3Z4ZDG98FM;
				INFOPLIST_FILE = SwiftFestTests/Info.plist;
				LD_RUNPATH_SEARCH_PATHS = "$(inherited) @executable_path/Frameworks @loader_path/Frameworks";
				PRODUCT_BUNDLE_IDENTIFIER = com.mattdias.SwiftFestTests;
				PRODUCT_NAME = "$(TARGET_NAME)";
				SWIFT_VERSION = 4.0;
				TARGETED_DEVICE_FAMILY = "1,2";
				TEST_HOST = "$(BUILT_PRODUCTS_DIR)/SwiftFest.app/SwiftFest";
			};
			name = Debug;
		};
		6DEA78581F895CAA00345B38 /* Release */ = {
			isa = XCBuildConfiguration;
			buildSettings = {
				ALWAYS_EMBED_SWIFT_STANDARD_LIBRARIES = YES;
				BUNDLE_LOADER = "$(TEST_HOST)";
				CODE_SIGN_STYLE = Automatic;
				DEVELOPMENT_TEAM = 3Z4ZDG98FM;
				INFOPLIST_FILE = SwiftFestTests/Info.plist;
				LD_RUNPATH_SEARCH_PATHS = "$(inherited) @executable_path/Frameworks @loader_path/Frameworks";
				PRODUCT_BUNDLE_IDENTIFIER = com.mattdias.SwiftFestTests;
				PRODUCT_NAME = "$(TARGET_NAME)";
				SWIFT_VERSION = 4.0;
				TARGETED_DEVICE_FAMILY = "1,2";
				TEST_HOST = "$(BUILT_PRODUCTS_DIR)/SwiftFest.app/SwiftFest";
			};
			name = Release;
		};
		6DEA785A1F895CAA00345B38 /* Debug */ = {
			isa = XCBuildConfiguration;
			buildSettings = {
				ALWAYS_EMBED_SWIFT_STANDARD_LIBRARIES = YES;
				CODE_SIGN_STYLE = Automatic;
				DEVELOPMENT_TEAM = 3Z4ZDG98FM;
				INFOPLIST_FILE = SwiftFestUITests/Info.plist;
				LD_RUNPATH_SEARCH_PATHS = "$(inherited) @executable_path/Frameworks @loader_path/Frameworks";
				PRODUCT_BUNDLE_IDENTIFIER = com.mattdias.SwiftFestUITests;
				PRODUCT_NAME = "$(TARGET_NAME)";
				SWIFT_VERSION = 4.0;
				TARGETED_DEVICE_FAMILY = "1,2";
				TEST_TARGET_NAME = SwiftFest;
			};
			name = Debug;
		};
		6DEA785B1F895CAA00345B38 /* Release */ = {
			isa = XCBuildConfiguration;
			buildSettings = {
				ALWAYS_EMBED_SWIFT_STANDARD_LIBRARIES = YES;
				CODE_SIGN_STYLE = Automatic;
				DEVELOPMENT_TEAM = 3Z4ZDG98FM;
				INFOPLIST_FILE = SwiftFestUITests/Info.plist;
				LD_RUNPATH_SEARCH_PATHS = "$(inherited) @executable_path/Frameworks @loader_path/Frameworks";
				PRODUCT_BUNDLE_IDENTIFIER = com.mattdias.SwiftFestUITests;
				PRODUCT_NAME = "$(TARGET_NAME)";
				SWIFT_VERSION = 4.0;
				TARGETED_DEVICE_FAMILY = "1,2";
				TEST_TARGET_NAME = SwiftFest;
			};
			name = Release;
		};
/* End XCBuildConfiguration section */

/* Begin XCConfigurationList section */
		6DEA78261F895CAA00345B38 /* Build configuration list for PBXProject "SwiftFest" */ = {
			isa = XCConfigurationList;
			buildConfigurations = (
				6DEA78511F895CAA00345B38 /* Debug */,
				6DEA78521F895CAA00345B38 /* Release */,
			);
			defaultConfigurationIsVisible = 0;
			defaultConfigurationName = Release;
		};
		6DEA78531F895CAA00345B38 /* Build configuration list for PBXNativeTarget "SwiftFest" */ = {
			isa = XCConfigurationList;
			buildConfigurations = (
				6DEA78541F895CAA00345B38 /* Debug */,
				6DEA78551F895CAA00345B38 /* Release */,
			);
			defaultConfigurationIsVisible = 0;
			defaultConfigurationName = Release;
		};
		6DEA78561F895CAA00345B38 /* Build configuration list for PBXNativeTarget "SwiftFestTests" */ = {
			isa = XCConfigurationList;
			buildConfigurations = (
				6DEA78571F895CAA00345B38 /* Debug */,
				6DEA78581F895CAA00345B38 /* Release */,
			);
			defaultConfigurationIsVisible = 0;
			defaultConfigurationName = Release;
		};
		6DEA78591F895CAA00345B38 /* Build configuration list for PBXNativeTarget "SwiftFestUITests" */ = {
			isa = XCConfigurationList;
			buildConfigurations = (
				6DEA785A1F895CAA00345B38 /* Debug */,
				6DEA785B1F895CAA00345B38 /* Release */,
			);
			defaultConfigurationIsVisible = 0;
			defaultConfigurationName = Release;
		};
/* End XCConfigurationList section */
	};
	rootObject = 6DEA78231F895CAA00345B38 /* Project object */;
}
